
Microsoft Visual Studio Solution File, Format Version 12.00
Project("{2150E333-8FDC-42A3-9474-1A3956D46DE8}") = "src", "src", "{A515FB0C-8CE2-454A-B28C-4C728E48ADFB}"
EndProject
Project("{2150E333-8FDC-42A3-9474-1A3956D46DE8}") = "tests", "tests", "{96CBE7D8-CAE4-46B3-B436-5A7F09158214}"
EndProject
Project("{2150E333-8FDC-42A3-9474-1A3956D46DE8}") = "WebApi", "WebApi", "{E92146CA-A381-4CB3-82B1-4F13182448F2}"
EndProject
Project("{2150E333-8FDC-42A3-9474-1A3956D46DE8}") = "Application", "Application", "{D3711B04-8CF5-40D5-A142-4B2FF0CC0459}"
EndProject
Project("{2150E333-8FDC-42A3-9474-1A3956D46DE8}") = "Core", "Core", "{ABCF8691-9957-434D-AF79-260E27651397}"
EndProject
Project("{2150E333-8FDC-42A3-9474-1A3956D46DE8}") = "Infrastructure", "Infrastructure", "{220B4B58-43E2-4075-994C-09FB7026A137}"
EndProject
Project("{FAE04EC0-301F-11D3-BF4B-00C04F79EFBC}") = "FinancialReport.Core", "src\Core\FinancialReport.Core\FinancialReport.Core.csproj", "{7017DB15-9D82-4B8F-AE91-15DD1216E86D}"
EndProject
Project("{FAE04EC0-301F-11D3-BF4B-00C04F79EFBC}") = "FinancialReport.Infrastructure", "src\Infrastructure\FinancialReport.Infrastructure\FinancialReport.Infrastructure.csproj", "{87A61B77-4974-4615-A1AC-53720C96ACC8}"
EndProject
Project("{FAE04EC0-301F-11D3-BF4B-00C04F79EFBC}") = "FinancialReport.Application", "src\Application\FinancialReport.Application\FinancialReport.Application.csproj", "{544B0ACC-CAC0-49A0-A174-81855263014F}"
EndProject
Project("{FAE04EC0-301F-11D3-BF4B-00C04F79EFBC}") = "FinancialReport.Management.Api", "src\WebApi\FinancialReport.Management.Api\FinancialReport.Management.Api.csproj", "{3C4A8E30-D054-4C56-A085-12070A02CA50}"
EndProject
Project("{2150E333-8FDC-42A3-9474-1A3956D46DE8}") = "Worker", "Worker", "{4090F9C3-219F-4908-A0FA-9C5A01B73824}"
EndProject
Project("{FAE04EC0-301F-11D3-BF4B-00C04F79EFBC}") = "FinancialReport.NationalTreasure.Worker", "src\Worker\FinancialReport.NationalTreasure.Worker\FinancialReport.NationalTreasure.Worker.csproj", "{BF1962A7-DDF3-4CAC-89D5-12B64A5B9E05}"
EndProject
Project("{FAE04EC0-301F-11D3-BF4B-00C04F79EFBC}") = "FinancialReport.RealEstateInvestmentTrust.Worker", "src\Worker\FinancialReport.RealEstateInvestmentTrust.Worker\FinancialReport.RealEstateInvestmentTrust.Worker.csproj", "{D2C2E0A8-1B0C-4920-B0B0-87B9613CB21B}"
EndProject
Project("{FAE04EC0-301F-11D3-BF4B-00C04F79EFBC}") = "FinancialReport.ConsumerPriceIndex.Worker", "src\Worker\FinancialReport.ConsumerPriceIndex.Worker\FinancialReport.ConsumerPriceIndex.Worker.csproj", "{96A18329-075F-4C70-B188-1439F57FD5CB}"
EndProject
Project("{FAE04EC0-301F-11D3-BF4B-00C04F79EFBC}") = "FinancialReport.SpecialSystemSettlement.Worker", "src\Worker\FinancialReport.SpecialSystemSettlement.Worker\FinancialReport.SpecialSystemSettlement.Worker.csproj", "{8DC4D6F7-0D90-4479-BBB3-CFB5C141F283}"
EndProject
Project("{2150E333-8FDC-42A3-9474-1A3956D46DE8}") = "WebApi", "WebApi", "{7FE2A125-F75A-4132-B380-EA1584B5CA25}"
EndProject
Project("{FAE04EC0-301F-11D3-BF4B-00C04F79EFBC}") = "FinancialReport.Management.Api.Tests", "tests\FinancialReport.Management.Api.Tests\FinancialReport.Management.Api.Tests.csproj", "{465E630E-67C3-48F8-A5CC-56A2C807252A}"
EndProject
Project("{FAE04EC0-301F-11D3-BF4B-00C04F79EFBC}") = "FinancialReport.Application.Tests", "tests\FinancialReport.Application.Tests\FinancialReport.Application.Tests.csproj", "{C43FFA03-9284-4755-8173-2F1F48CA1FE6}"
EndProject
Project("{FAE04EC0-301F-11D3-BF4B-00C04F79EFBC}") = "FinancialReport.Infrastructure.Tests", "tests\FinancialReport.Infrastructure.Tests\FinancialReport.Infrastructure.Tests.csproj", "{D737028C-540E-4FCA-AFBA-0E16B6B76B93}"
EndProject
Project("{FAE04EC0-301F-11D3-BF4B-00C04F79EFBC}") = "FinancialReport.TimeScheduler.Worker", "src\Worker\FinancialReport.TimeScheduler.Worker\FinancialReport.TimeScheduler.Worker.csproj", "{E54AC45C-CA39-4BF2-BB2E-7B53010EE9E3}"
EndProject
Global
	GlobalSection(SolutionConfigurationPlatforms) = preSolution
		Debug|Any CPU = Debug|Any CPU
		Release|Any CPU = Release|Any CPU
	EndGlobalSection
	GlobalSection(NestedProjects) = preSolution
		{E92146CA-A381-4CB3-82B1-4F13182448F2} = {A515FB0C-8CE2-454A-B28C-4C728E48ADFB}
		{D3711B04-8CF5-40D5-A142-4B2FF0CC0459} = {A515FB0C-8CE2-454A-B28C-4C728E48ADFB}
		{ABCF8691-9957-434D-AF79-260E27651397} = {A515FB0C-8CE2-454A-B28C-4C728E48ADFB}
		{220B4B58-43E2-4075-994C-09FB7026A137} = {A515FB0C-8CE2-454A-B28C-4C728E48ADFB}
		{7017DB15-9D82-4B8F-AE91-15DD1216E86D} = {ABCF8691-9957-434D-AF79-260E27651397}
		{87A61B77-4974-4615-A1AC-53720C96ACC8} = {220B4B58-43E2-4075-994C-09FB7026A137}
		{544B0ACC-CAC0-49A0-A174-81855263014F} = {D3711B04-8CF5-40D5-A142-4B2FF0CC0459}
		{3C4A8E30-D054-4C56-A085-12070A02CA50} = {E92146CA-A381-4CB3-82B1-4F13182448F2}
		{4090F9C3-219F-4908-A0FA-9C5A01B73824} = {A515FB0C-8CE2-454A-B28C-4C728E48ADFB}
		{BF1962A7-DDF3-4CAC-89D5-12B64A5B9E05} = {4090F9C3-219F-4908-A0FA-9C5A01B73824}
		{D2C2E0A8-1B0C-4920-B0B0-87B9613CB21B} = {4090F9C3-219F-4908-A0FA-9C5A01B73824}
		{96A18329-075F-4C70-B188-1439F57FD5CB} = {4090F9C3-219F-4908-A0FA-9C5A01B73824}
		{8DC4D6F7-0D90-4479-BBB3-CFB5C141F283} = {4090F9C3-219F-4908-A0FA-9C5A01B73824}
		{7FE2A125-F75A-4132-B380-EA1584B5CA25} = {96CBE7D8-CAE4-46B3-B436-5A7F09158214}
		{465E630E-67C3-48F8-A5CC-56A2C807252A} = {7FE2A125-F75A-4132-B380-EA1584B5CA25}
		{C43FFA03-9284-4755-8173-2F1F48CA1FE6} = {7FE2A125-F75A-4132-B380-EA1584B5CA25}
		{D737028C-540E-4FCA-AFBA-0E16B6B76B93} = {7FE2A125-F75A-4132-B380-EA1584B5CA25}
		{E54AC45C-CA39-4BF2-BB2E-7B53010EE9E3} = {4090F9C3-219F-4908-A0FA-9C5A01B73824}
	EndGlobalSection
	GlobalSection(ProjectConfigurationPlatforms) = postSolution
		{7017DB15-9D82-4B8F-AE91-15DD1216E86D}.Debug|Any CPU.ActiveCfg = Debug|Any CPU
		{7017DB15-9D82-4B8F-AE91-15DD1216E86D}.Debug|Any CPU.Build.0 = Debug|Any CPU
		{7017DB15-9D82-4B8F-AE91-15DD1216E86D}.Release|Any CPU.ActiveCfg = Release|Any CPU
		{7017DB15-9D82-4B8F-AE91-15DD1216E86D}.Release|Any CPU.Build.0 = Release|Any CPU
		{87A61B77-4974-4615-A1AC-53720C96ACC8}.Debug|Any CPU.ActiveCfg = Debug|Any CPU
		{87A61B77-4974-4615-A1AC-53720C96ACC8}.Debug|Any CPU.Build.0 = Debug|Any CPU
		{87A61B77-4974-4615-A1AC-53720C96ACC8}.Release|Any CPU.ActiveCfg = Release|Any CPU
		{87A61B77-4974-4615-A1AC-53720C96ACC8}.Release|Any CPU.Build.0 = Release|Any CPU
		{544B0ACC-CAC0-49A0-A174-81855263014F}.Debug|Any CPU.ActiveCfg = Debug|Any CPU
		{544B0ACC-CAC0-49A0-A174-81855263014F}.Debug|Any CPU.Build.0 = Debug|Any CPU
		{544B0ACC-CAC0-49A0-A174-81855263014F}.Release|Any CPU.ActiveCfg = Release|Any CPU
		{544B0ACC-CAC0-49A0-A174-81855263014F}.Release|Any CPU.Build.0 = Release|Any CPU
		{3C4A8E30-D054-4C56-A085-12070A02CA50}.Debug|Any CPU.ActiveCfg = Debug|Any CPU
		{3C4A8E30-D054-4C56-A085-12070A02CA50}.Debug|Any CPU.Build.0 = Debug|Any CPU
		{3C4A8E30-D054-4C56-A085-12070A02CA50}.Release|Any CPU.ActiveCfg = Release|Any CPU
		{3C4A8E30-D054-4C56-A085-12070A02CA50}.Release|Any CPU.Build.0 = Release|Any CPU
		{BF1962A7-DDF3-4CAC-89D5-12B64A5B9E05}.Debug|Any CPU.ActiveCfg = Debug|Any CPU
		{BF1962A7-DDF3-4CAC-89D5-12B64A5B9E05}.Debug|Any CPU.Build.0 = Debug|Any CPU
		{BF1962A7-DDF3-4CAC-89D5-12B64A5B9E05}.Release|Any CPU.ActiveCfg = Release|Any CPU
		{BF1962A7-DDF3-4CAC-89D5-12B64A5B9E05}.Release|Any CPU.Build.0 = Release|Any CPU
		{D2C2E0A8-1B0C-4920-B0B0-87B9613CB21B}.Debug|Any CPU.ActiveCfg = Debug|Any CPU
		{D2C2E0A8-1B0C-4920-B0B0-87B9613CB21B}.Debug|Any CPU.Build.0 = Debug|Any CPU
		{D2C2E0A8-1B0C-4920-B0B0-87B9613CB21B}.Release|Any CPU.ActiveCfg = Release|Any CPU
		{D2C2E0A8-1B0C-4920-B0B0-87B9613CB21B}.Release|Any CPU.Build.0 = Release|Any CPU
		{96A18329-075F-4C70-B188-1439F57FD5CB}.Debug|Any CPU.ActiveCfg = Debug|Any CPU
		{96A18329-075F-4C70-B188-1439F57FD5CB}.Debug|Any CPU.Build.0 = Debug|Any CPU
		{96A18329-075F-4C70-B188-1439F57FD5CB}.Release|Any CPU.ActiveCfg = Release|Any CPU
		{96A18329-075F-4C70-B188-1439F57FD5CB}.Release|Any CPU.Build.0 = Release|Any CPU
		{8DC4D6F7-0D90-4479-BBB3-CFB5C141F283}.Debug|Any CPU.ActiveCfg = Debug|Any CPU
		{8DC4D6F7-0D90-4479-BBB3-CFB5C141F283}.Debug|Any CPU.Build.0 = Debug|Any CPU
		{8DC4D6F7-0D90-4479-BBB3-CFB5C141F283}.Release|Any CPU.ActiveCfg = Release|Any CPU
		{8DC4D6F7-0D90-4479-BBB3-CFB5C141F283}.Release|Any CPU.Build.0 = Release|Any CPU
		{465E630E-67C3-48F8-A5CC-56A2C807252A}.Debug|Any CPU.ActiveCfg = Debug|Any CPU
		{465E630E-67C3-48F8-A5CC-56A2C807252A}.Debug|Any CPU.Build.0 = Debug|Any CPU
		{465E630E-67C3-48F8-A5CC-56A2C807252A}.Release|Any CPU.ActiveCfg = Release|Any CPU
		{465E630E-67C3-48F8-A5CC-56A2C807252A}.Release|Any CPU.Build.0 = Release|Any CPU
		{C43FFA03-9284-4755-8173-2F1F48CA1FE6}.Debug|Any CPU.ActiveCfg = Debug|Any CPU
		{C43FFA03-9284-4755-8173-2F1F48CA1FE6}.Debug|Any CPU.Build.0 = Debug|Any CPU
		{C43FFA03-9284-4755-8173-2F1F48CA1FE6}.Release|Any CPU.ActiveCfg = Release|Any CPU
		{C43FFA03-9284-4755-8173-2F1F48CA1FE6}.Release|Any CPU.Build.0 = Release|Any CPU
		{D737028C-540E-4FCA-AFBA-0E16B6B76B93}.Debug|Any CPU.ActiveCfg = Debug|Any CPU
		{D737028C-540E-4FCA-AFBA-0E16B6B76B93}.Debug|Any CPU.Build.0 = Debug|Any CPU
		{D737028C-540E-4FCA-AFBA-0E16B6B76B93}.Release|Any CPU.ActiveCfg = Release|Any CPU
		{D737028C-540E-4FCA-AFBA-0E16B6B76B93}.Release|Any CPU.Build.0 = Release|Any CPU
		{E54AC45C-CA39-4BF2-BB2E-7B53010EE9E3}.Debug|Any CPU.ActiveCfg = Debug|Any CPU
		{E54AC45C-CA39-4BF2-BB2E-7B53010EE9E3}.Debug|Any CPU.Build.0 = Debug|Any CPU
		{E54AC45C-CA39-4BF2-BB2E-7B53010EE9E3}.Release|Any CPU.ActiveCfg = Release|Any CPU
		{E54AC45C-CA39-4BF2-BB2E-7B53010EE9E3}.Release|Any CPU.Build.0 = Release|Any CPU
	EndGlobalSection
EndGlobal
